// !$*UTF8*$!
{
	archiveVersion = 1;
	classes = {
	};
	objectVersion = 46;
	objects = {

/* Begin PBXAggregateTarget section */
		5DC633491689FE94000ED53C /* Appledoc */ = {
			isa = PBXAggregateTarget;
			buildConfigurationList = 5DC6334A1689FE94000ED53C /* Build configuration list for PBXAggregateTarget "Appledoc" */;
			buildPhases = (
				5DC6334D1689FE9E000ED53C /* ShellScript */,
			);
			dependencies = (
			);
			name = Appledoc;
			productName = Appledoc;
		};
/* End PBXAggregateTarget section */

/* Begin PBXBuildFile section */
		5DC0B2BA168CD3DD0035A910 /* FRBKeyedTargetAction.m in Sources */ = {isa = PBXBuildFile; fileRef = 5DC0B2B9168CD3DD0035A910 /* FRBKeyedTargetAction.m */; };
		5DC632A41689D5BD000ED53C /* Foundation.framework in Frameworks */ = {isa = PBXBuildFile; fileRef = 5DC632A31689D5BD000ED53C /* Foundation.framework */; };
		5DC632B31689D5BD000ED53C /* SenTestingKit.framework in Frameworks */ = {isa = PBXBuildFile; fileRef = 5DC632B21689D5BD000ED53C /* SenTestingKit.framework */; };
		5DC632B61689D5BD000ED53C /* Foundation.framework in Frameworks */ = {isa = PBXBuildFile; fileRef = 5DC632A31689D5BD000ED53C /* Foundation.framework */; };
		5DC632B91689D5BD000ED53C /* libFrostbit.a in Frameworks */ = {isa = PBXBuildFile; fileRef = 5DC632A01689D5BD000ED53C /* libFrostbit.a */; };
		5DC632BF1689D5BD000ED53C /* InfoPlist.strings in Resources */ = {isa = PBXBuildFile; fileRef = 5DC632BD1689D5BD000ED53C /* InfoPlist.strings */; };
		5DC632CF1689D6BC000ED53C /* FRBPointFunctions.m in Sources */ = {isa = PBXBuildFile; fileRef = 5DC632CE1689D6BC000ED53C /* FRBPointFunctions.m */; };
		5DC632D21689D6CB000ED53C /* FRBRectFunctions.m in Sources */ = {isa = PBXBuildFile; fileRef = 5DC632D11689D6CB000ED53C /* FRBRectFunctions.m */; };
		5DC633351689FC2F000ED53C /* FRBDispatchFunctions.m in Sources */ = {isa = PBXBuildFile; fileRef = 5DC633341689FC2F000ED53C /* FRBDispatchFunctions.m */; };
		5DC63350168A104C000ED53C /* FRBSizeFunctions.m in Sources */ = {isa = PBXBuildFile; fileRef = 5DC6334F168A104C000ED53C /* FRBSizeFunctions.m */; };
		5DC63353168A150C000ED53C /* FRBTestGeometryPointFunctions.m in Sources */ = {isa = PBXBuildFile; fileRef = 5DC63352168A150C000ED53C /* FRBTestGeometryPointFunctions.m */; };
		5DC63369168A2A0C000ED53C /* CoreGraphics.framework in Frameworks */ = {isa = PBXBuildFile; fileRef = 5DC63368168A2A0B000ED53C /* CoreGraphics.framework */; };
		5DC63384168ACBD5000ED53C /* FRBCommonCryptoFunctions.m in Sources */ = {isa = PBXBuildFile; fileRef = 5DC63383168ACBD5000ED53C /* FRBCommonCryptoFunctions.m */; };
		5DC63387168ACC17000ED53C /* NSData+FRBCommonCrypto.m in Sources */ = {isa = PBXBuildFile; fileRef = 5DC63386168ACC17000ED53C /* NSData+FRBCommonCrypto.m */; };
		5DC6338A168ACC26000ED53C /* NSString+FRBCommonCrypto.m in Sources */ = {isa = PBXBuildFile; fileRef = 5DC63389168ACC26000ED53C /* NSString+FRBCommonCrypto.m */; };
/* End PBXBuildFile section */

/* Begin PBXContainerItemProxy section */
		5DC632B71689D5BD000ED53C /* PBXContainerItemProxy */ = {
			isa = PBXContainerItemProxy;
			containerPortal = 5DC632971689D5BD000ED53C /* Project object */;
			proxyType = 1;
			remoteGlobalIDString = 5DC6329F1689D5BD000ED53C;
			remoteInfo = Frostbit;
		};
/* End PBXContainerItemProxy section */

/* Begin PBXCopyFilesBuildPhase section */
		5DC6329E1689D5BD000ED53C /* CopyFiles */ = {
			isa = PBXCopyFilesBuildPhase;
			buildActionMask = 2147483647;
			dstPath = "include/${PRODUCT_NAME}";
			dstSubfolderSpec = 16;
			files = (
			);
			runOnlyForDeploymentPostprocessing = 0;
		};
/* End PBXCopyFilesBuildPhase section */

/* Begin PBXFileReference section */
		5DC0B2B8168CD3DD0035A910 /* FRBKeyedTargetAction.h */ = {isa = PBXFileReference; fileEncoding = 4; lastKnownFileType = sourcecode.c.h; path = FRBKeyedTargetAction.h; sourceTree = "<group>"; };
		5DC0B2B9168CD3DD0035A910 /* FRBKeyedTargetAction.m */ = {isa = PBXFileReference; fileEncoding = 4; lastKnownFileType = sourcecode.c.objc; path = FRBKeyedTargetAction.m; sourceTree = "<group>"; };
		5DC632A01689D5BD000ED53C /* libFrostbit.a */ = {isa = PBXFileReference; explicitFileType = archive.ar; includeInIndex = 0; path = libFrostbit.a; sourceTree = BUILT_PRODUCTS_DIR; };
		5DC632A31689D5BD000ED53C /* Foundation.framework */ = {isa = PBXFileReference; lastKnownFileType = wrapper.framework; name = Foundation.framework; path = System/Library/Frameworks/Foundation.framework; sourceTree = SDKROOT; };
		5DC632A71689D5BD000ED53C /* Frostbit-Prefix.pch */ = {isa = PBXFileReference; lastKnownFileType = sourcecode.c.h; path = "Frostbit-Prefix.pch"; sourceTree = "<group>"; };
		5DC632B11689D5BD000ED53C /* FrostbitTests.octest */ = {isa = PBXFileReference; explicitFileType = wrapper.cfbundle; includeInIndex = 0; path = FrostbitTests.octest; sourceTree = BUILT_PRODUCTS_DIR; };
		5DC632B21689D5BD000ED53C /* SenTestingKit.framework */ = {isa = PBXFileReference; lastKnownFileType = wrapper.framework; name = SenTestingKit.framework; path = Library/Frameworks/SenTestingKit.framework; sourceTree = DEVELOPER_DIR; };
		5DC632BC1689D5BD000ED53C /* FrostbitTests-Info.plist */ = {isa = PBXFileReference; lastKnownFileType = text.plist.xml; path = "FrostbitTests-Info.plist"; sourceTree = "<group>"; };
		5DC632BE1689D5BD000ED53C /* en */ = {isa = PBXFileReference; lastKnownFileType = text.plist.strings; name = en; path = en.lproj/InfoPlist.strings; sourceTree = "<group>"; };
		5DC632CD1689D6BC000ED53C /* FRBPointFunctions.h */ = {isa = PBXFileReference; fileEncoding = 4; lastKnownFileType = sourcecode.c.h; path = FRBPointFunctions.h; sourceTree = "<group>"; };
		5DC632CE1689D6BC000ED53C /* FRBPointFunctions.m */ = {isa = PBXFileReference; fileEncoding = 4; lastKnownFileType = sourcecode.c.objc; path = FRBPointFunctions.m; sourceTree = "<group>"; };
		5DC632D01689D6CB000ED53C /* FRBRectFunctions.h */ = {isa = PBXFileReference; fileEncoding = 4; lastKnownFileType = sourcecode.c.h; path = FRBRectFunctions.h; sourceTree = "<group>"; };
		5DC632D11689D6CB000ED53C /* FRBRectFunctions.m */ = {isa = PBXFileReference; fileEncoding = 4; lastKnownFileType = sourcecode.c.objc; path = FRBRectFunctions.m; sourceTree = "<group>"; };
		5DC632D41689D769000ED53C /* FRBCompilerAttributes.h */ = {isa = PBXFileReference; lastKnownFileType = sourcecode.c.h; path = FRBCompilerAttributes.h; sourceTree = "<group>"; };
		5DC632D61689D7BA000ED53C /* FRBTypesCommon.h */ = {isa = PBXFileReference; lastKnownFileType = sourcecode.c.h; path = FRBTypesCommon.h; sourceTree = "<group>"; };
		5DC632D71689D8A8000ED53C /* FRBGeometry.h */ = {isa = PBXFileReference; lastKnownFileType = sourcecode.c.h; path = FRBGeometry.h; sourceTree = "<group>"; };
		5DC633231689FAEE000ED53C /* FRBCommon.h */ = {isa = PBXFileReference; lastKnownFileType = sourcecode.c.h; path = FRBCommon.h; sourceTree = "<group>"; };
		5DC633321689FC2F000ED53C /* FRBDispatch.h */ = {isa = PBXFileReference; fileEncoding = 4; lastKnownFileType = sourcecode.c.h; path = FRBDispatch.h; sourceTree = "<group>"; };
		5DC633331689FC2F000ED53C /* FRBDispatchFunctions.h */ = {isa = PBXFileReference; fileEncoding = 4; lastKnownFileType = sourcecode.c.h; path = FRBDispatchFunctions.h; sourceTree = "<group>"; };
		5DC633341689FC2F000ED53C /* FRBDispatchFunctions.m */ = {isa = PBXFileReference; fileEncoding = 4; lastKnownFileType = sourcecode.c.objc; path = FRBDispatchFunctions.m; sourceTree = "<group>"; };
		5DC6334E168A104C000ED53C /* FRBSizeFunctions.h */ = {isa = PBXFileReference; fileEncoding = 4; lastKnownFileType = sourcecode.c.h; path = FRBSizeFunctions.h; sourceTree = "<group>"; };
		5DC6334F168A104C000ED53C /* FRBSizeFunctions.m */ = {isa = PBXFileReference; fileEncoding = 4; lastKnownFileType = sourcecode.c.objc; path = FRBSizeFunctions.m; sourceTree = "<group>"; };
		5DC63351168A150C000ED53C /* FRBTestGeometryPointFunctions.h */ = {isa = PBXFileReference; fileEncoding = 4; lastKnownFileType = sourcecode.c.h; path = FRBTestGeometryPointFunctions.h; sourceTree = "<group>"; };
		5DC63352168A150C000ED53C /* FRBTestGeometryPointFunctions.m */ = {isa = PBXFileReference; fileEncoding = 4; lastKnownFileType = sourcecode.c.objc; path = FRBTestGeometryPointFunctions.m; sourceTree = "<group>"; };
		5DC63368168A2A0B000ED53C /* CoreGraphics.framework */ = {isa = PBXFileReference; lastKnownFileType = wrapper.framework; name = CoreGraphics.framework; path = System/Library/Frameworks/CoreGraphics.framework; sourceTree = SDKROOT; };
		5DC6336E168A2B47000ED53C /* FRBAssertMacros.h */ = {isa = PBXFileReference; lastKnownFileType = sourcecode.c.h; path = FRBAssertMacros.h; sourceTree = "<group>"; };
		5DC6337D168ACB7E000ED53C /* FRBCommonCrypto.h */ = {isa = PBXFileReference; lastKnownFileType = sourcecode.c.h; path = FRBCommonCrypto.h; sourceTree = "<group>"; };
		5DC63382168ACBD5000ED53C /* FRBCommonCryptoFunctions.h */ = {isa = PBXFileReference; fileEncoding = 4; lastKnownFileType = sourcecode.c.h; path = FRBCommonCryptoFunctions.h; sourceTree = "<group>"; };
		5DC63383168ACBD5000ED53C /* FRBCommonCryptoFunctions.m */ = {isa = PBXFileReference; fileEncoding = 4; lastKnownFileType = sourcecode.c.objc; path = FRBCommonCryptoFunctions.m; sourceTree = "<group>"; };
		5DC63385168ACC17000ED53C /* NSData+FRBCommonCrypto.h */ = {isa = PBXFileReference; fileEncoding = 4; lastKnownFileType = sourcecode.c.h; path = "NSData+FRBCommonCrypto.h"; sourceTree = "<group>"; };
		5DC63386168ACC17000ED53C /* NSData+FRBCommonCrypto.m */ = {isa = PBXFileReference; fileEncoding = 4; lastKnownFileType = sourcecode.c.objc; path = "NSData+FRBCommonCrypto.m"; sourceTree = "<group>"; };
		5DC63388168ACC26000ED53C /* NSString+FRBCommonCrypto.h */ = {isa = PBXFileReference; fileEncoding = 4; lastKnownFileType = sourcecode.c.h; path = "NSString+FRBCommonCrypto.h"; sourceTree = "<group>"; };
		5DC63389168ACC26000ED53C /* NSString+FRBCommonCrypto.m */ = {isa = PBXFileReference; fileEncoding = 4; lastKnownFileType = sourcecode.c.objc; path = "NSString+FRBCommonCrypto.m"; sourceTree = "<group>"; };
/* End PBXFileReference section */

/* Begin PBXFrameworksBuildPhase section */
		5DC6329D1689D5BD000ED53C /* Frameworks */ = {
			isa = PBXFrameworksBuildPhase;
			buildActionMask = 2147483647;
			files = (
				5DC63369168A2A0C000ED53C /* CoreGraphics.framework in Frameworks */,
				5DC632A41689D5BD000ED53C /* Foundation.framework in Frameworks */,
			);
			runOnlyForDeploymentPostprocessing = 0;
		};
		5DC632AD1689D5BD000ED53C /* Frameworks */ = {
			isa = PBXFrameworksBuildPhase;
			buildActionMask = 2147483647;
			files = (
				5DC632B31689D5BD000ED53C /* SenTestingKit.framework in Frameworks */,
				5DC632B61689D5BD000ED53C /* Foundation.framework in Frameworks */,
				5DC632B91689D5BD000ED53C /* libFrostbit.a in Frameworks */,
			);
			runOnlyForDeploymentPostprocessing = 0;
		};
/* End PBXFrameworksBuildPhase section */

/* Begin PBXGroup section */
		5DC0B2B6168CD3B90035A910 /* Keyed Target Action */ = {
			isa = PBXGroup;
			children = (
				5DC0B2B8168CD3DD0035A910 /* FRBKeyedTargetAction.h */,
				5DC0B2B9168CD3DD0035A910 /* FRBKeyedTargetAction.m */,
			);
			name = "Keyed Target Action";
			sourceTree = "<group>";
		};
		5DC632951689D5BD000ED53C = {
			isa = PBXGroup;
			children = (
				5DC632A51689D5BD000ED53C /* Frostbit */,
				5DC632BA1689D5BD000ED53C /* FrostbitTests */,
				5DC632A21689D5BD000ED53C /* Frameworks */,
				5DC632A11689D5BD000ED53C /* Products */,
			);
			sourceTree = "<group>";
		};
		5DC632A11689D5BD000ED53C /* Products */ = {
			isa = PBXGroup;
			children = (
				5DC632A01689D5BD000ED53C /* libFrostbit.a */,
				5DC632B11689D5BD000ED53C /* FrostbitTests.octest */,
			);
			name = Products;
			sourceTree = "<group>";
		};
		5DC632A21689D5BD000ED53C /* Frameworks */ = {
			isa = PBXGroup;
			children = (
				5DC63368168A2A0B000ED53C /* CoreGraphics.framework */,
				5DC632A31689D5BD000ED53C /* Foundation.framework */,
				5DC632B21689D5BD000ED53C /* SenTestingKit.framework */,
			);
			name = Frameworks;
			sourceTree = "<group>";
		};
		5DC632A51689D5BD000ED53C /* Frostbit */ = {
			isa = PBXGroup;
			children = (
				5DC632CC1689D674000ED53C /* Common */,
				5DC633311689FC1C000ED53C /* Dispatch */,
				5DC632CB1689D674000ED53C /* Geometry */,
				5DC6337C168ACB68000ED53C /* CommonCrypto */,
				5DC632A61689D5BD000ED53C /* Supporting Files */,
			);
			path = Frostbit;
			sourceTree = "<group>";
		};
		5DC632A61689D5BD000ED53C /* Supporting Files */ = {
			isa = PBXGroup;
			children = (
				5DC632A71689D5BD000ED53C /* Frostbit-Prefix.pch */,
			);
			name = "Supporting Files";
			sourceTree = "<group>";
		};
		5DC632BA1689D5BD000ED53C /* FrostbitTests */ = {
			isa = PBXGroup;
			children = (
				5DC63351168A150C000ED53C /* FRBTestGeometryPointFunctions.h */,
				5DC63352168A150C000ED53C /* FRBTestGeometryPointFunctions.m */,
				5DC632BB1689D5BD000ED53C /* Supporting Files */,
			);
			path = FrostbitTests;
			sourceTree = "<group>";
		};
		5DC632BB1689D5BD000ED53C /* Supporting Files */ = {
			isa = PBXGroup;
			children = (
				5DC632BC1689D5BD000ED53C /* FrostbitTests-Info.plist */,
				5DC632BD1689D5BD000ED53C /* InfoPlist.strings */,
			);
			name = "Supporting Files";
			sourceTree = "<group>";
		};
		5DC632CB1689D674000ED53C /* Geometry */ = {
			isa = PBXGroup;
			children = (
				5DC632D71689D8A8000ED53C /* FRBGeometry.h */,
				5DC632CD1689D6BC000ED53C /* FRBPointFunctions.h */,
				5DC632CE1689D6BC000ED53C /* FRBPointFunctions.m */,
				5DC632D01689D6CB000ED53C /* FRBRectFunctions.h */,
				5DC632D11689D6CB000ED53C /* FRBRectFunctions.m */,
				5DC6334E168A104C000ED53C /* FRBSizeFunctions.h */,
				5DC6334F168A104C000ED53C /* FRBSizeFunctions.m */,
			);
			path = Geometry;
			sourceTree = "<group>";
		};
		5DC632CC1689D674000ED53C /* Common */ = {
			isa = PBXGroup;
			children = (
				5DC633231689FAEE000ED53C /* FRBCommon.h */,
				5DC632D51689D7AE000ED53C /* Types */,
				5DC632D31689D75A000ED53C /* Meta */,
			);
			path = Common;
			sourceTree = "<group>";
		};
		5DC632D31689D75A000ED53C /* Meta */ = {
			isa = PBXGroup;
			children = (
				5DC632D41689D769000ED53C /* FRBCompilerAttributes.h */,
				5DC6336E168A2B47000ED53C /* FRBAssertMacros.h */,
			);
			path = Meta;
			sourceTree = "<group>";
		};
		5DC632D51689D7AE000ED53C /* Types */ = {
			isa = PBXGroup;
			children = (
				5DC632D61689D7BA000ED53C /* FRBTypesCommon.h */,
			);
			path = Types;
			sourceTree = "<group>";
		};
		5DC633311689FC1C000ED53C /* Dispatch */ = {
			isa = PBXGroup;
			children = (
				5DC633321689FC2F000ED53C /* FRBDispatch.h */,
				5DC633331689FC2F000ED53C /* FRBDispatchFunctions.h */,
				5DC633341689FC2F000ED53C /* FRBDispatchFunctions.m */,
				5DC0B2B6168CD3B90035A910 /* Keyed Target Action */,
			);
			name = Dispatch;
			path = Frostbit/Dispatch;
			sourceTree = SOURCE_ROOT;
		};
		5DC6337C168ACB68000ED53C /* CommonCrypto */ = {
			isa = PBXGroup;
			children = (
				5DC6337D168ACB7E000ED53C /* FRBCommonCrypto.h */,
				5DC63381168ACBBB000ED53C /* Functions */,
				5DC6337E168ACBBB000ED53C /* Categories */,
			);
			name = CommonCrypto;
			path = Frostbit/CommonCrypto;
			sourceTree = SOURCE_ROOT;
		};
		5DC6337E168ACBBB000ED53C /* Categories */ = {
			isa = PBXGroup;
			children = (
				5DC6337F168ACBBB000ED53C /* NSData */,
				5DC63380168ACBBB000ED53C /* NSString */,
			);
			path = Categories;
			sourceTree = "<group>";
		};
		5DC6337F168ACBBB000ED53C /* NSData */ = {
			isa = PBXGroup;
			children = (
				5DC63385168ACC17000ED53C /* NSData+FRBCommonCrypto.h */,
				5DC63386168ACC17000ED53C /* NSData+FRBCommonCrypto.m */,
			);
			path = NSData;
			sourceTree = "<group>";
		};
		5DC63380168ACBBB000ED53C /* NSString */ = {
			isa = PBXGroup;
			children = (
				5DC63388168ACC26000ED53C /* NSString+FRBCommonCrypto.h */,
				5DC63389168ACC26000ED53C /* NSString+FRBCommonCrypto.m */,
			);
			path = NSString;
			sourceTree = "<group>";
		};
		5DC63381168ACBBB000ED53C /* Functions */ = {
			isa = PBXGroup;
			children = (
				5DC63382168ACBD5000ED53C /* FRBCommonCryptoFunctions.h */,
				5DC63383168ACBD5000ED53C /* FRBCommonCryptoFunctions.m */,
			);
			path = Functions;
			sourceTree = "<group>";
		};
/* End PBXGroup section */

/* Begin PBXNativeTarget section */
		5DC6329F1689D5BD000ED53C /* Frostbit */ = {
			isa = PBXNativeTarget;
			buildConfigurationList = 5DC632C51689D5BD000ED53C /* Build configuration list for PBXNativeTarget "Frostbit" */;
			buildPhases = (
				5DC6329C1689D5BD000ED53C /* Sources */,
				5DC6329D1689D5BD000ED53C /* Frameworks */,
				5DC6329E1689D5BD000ED53C /* CopyFiles */,
			);
			buildRules = (
			);
			dependencies = (
			);
			name = Frostbit;
			productName = Frostbit;
			productReference = 5DC632A01689D5BD000ED53C /* libFrostbit.a */;
			productType = "com.apple.product-type.library.static";
		};
		5DC632B01689D5BD000ED53C /* FrostbitTests */ = {
			isa = PBXNativeTarget;
			buildConfigurationList = 5DC632C81689D5BD000ED53C /* Build configuration list for PBXNativeTarget "FrostbitTests" */;
			buildPhases = (
				5DC632AC1689D5BD000ED53C /* Sources */,
				5DC632AD1689D5BD000ED53C /* Frameworks */,
				5DC632AE1689D5BD000ED53C /* Resources */,
				5DC632AF1689D5BD000ED53C /* ShellScript */,
			);
			buildRules = (
			);
			dependencies = (
				5DC632B81689D5BD000ED53C /* PBXTargetDependency */,
			);
			name = FrostbitTests;
			productName = FrostbitTests;
			productReference = 5DC632B11689D5BD000ED53C /* FrostbitTests.octest */;
			productType = "com.apple.product-type.bundle";
		};
/* End PBXNativeTarget section */

/* Begin PBXProject section */
		5DC632971689D5BD000ED53C /* Project object */ = {
			isa = PBXProject;
			attributes = {
				CLASSPREFIX = FRB;
				LastUpgradeCheck = 0450;
				ORGANIZATIONNAME = "Egor Chiglintsev";
			};
			buildConfigurationList = 5DC6329A1689D5BD000ED53C /* Build configuration list for PBXProject "Frostbit" */;
			compatibilityVersion = "Xcode 3.2";
			developmentRegion = English;
			hasScannedForEncodings = 0;
			knownRegions = (
				en,
			);
			mainGroup = 5DC632951689D5BD000ED53C;
			productRefGroup = 5DC632A11689D5BD000ED53C /* Products */;
			projectDirPath = "";
			projectRoot = "";
			targets = (
				5DC6329F1689D5BD000ED53C /* Frostbit */,
				5DC632B01689D5BD000ED53C /* FrostbitTests */,
				5DC633491689FE94000ED53C /* Appledoc */,
			);
		};
/* End PBXProject section */

/* Begin PBXResourcesBuildPhase section */
		5DC632AE1689D5BD000ED53C /* Resources */ = {
			isa = PBXResourcesBuildPhase;
			buildActionMask = 2147483647;
			files = (
				5DC632BF1689D5BD000ED53C /* InfoPlist.strings in Resources */,
			);
			runOnlyForDeploymentPostprocessing = 0;
		};
/* End PBXResourcesBuildPhase section */

/* Begin PBXShellScriptBuildPhase section */
		5DC632AF1689D5BD000ED53C /* ShellScript */ = {
			isa = PBXShellScriptBuildPhase;
			buildActionMask = 2147483647;
			files = (
			);
			inputPaths = (
			);
			outputPaths = (
			);
			runOnlyForDeploymentPostprocessing = 0;
			shellPath = /bin/sh;
			shellScript = "# Run the unit tests in this test bundle.\n\"${SYSTEM_DEVELOPER_DIR}/Tools/RunUnitTests\"\n";
		};
		5DC6334D1689FE9E000ED53C /* ShellScript */ = {
			isa = PBXShellScriptBuildPhase;
			buildActionMask = 2147483647;
			files = (
			);
			inputPaths = (
			);
			outputPaths = (
			);
			runOnlyForDeploymentPostprocessing = 0;
			shellPath = /bin/sh;
			shellScript = "appledoc --project-name Frostbit --project-company \"Frostbit\" --company-id com.frostbit --output Appledoc --logformat xcode --keep-intermediate-files --no-create-docset .";
		};
/* End PBXShellScriptBuildPhase section */

/* Begin PBXSourcesBuildPhase section */
		5DC6329C1689D5BD000ED53C /* Sources */ = {
			isa = PBXSourcesBuildPhase;
			buildActionMask = 2147483647;
			files = (
				5DC632CF1689D6BC000ED53C /* FRBPointFunctions.m in Sources */,
				5DC632D21689D6CB000ED53C /* FRBRectFunctions.m in Sources */,
				5DC633351689FC2F000ED53C /* FRBDispatchFunctions.m in Sources */,
				5DC63350168A104C000ED53C /* FRBSizeFunctions.m in Sources */,
				5DC63384168ACBD5000ED53C /* FRBCommonCryptoFunctions.m in Sources */,
				5DC63387168ACC17000ED53C /* NSData+FRBCommonCrypto.m in Sources */,
				5DC6338A168ACC26000ED53C /* NSString+FRBCommonCrypto.m in Sources */,
				5DC0B2BA168CD3DD0035A910 /* FRBKeyedTargetAction.m in Sources */,
			);
			runOnlyForDeploymentPostprocessing = 0;
		};
		5DC632AC1689D5BD000ED53C /* Sources */ = {
			isa = PBXSourcesBuildPhase;
			buildActionMask = 2147483647;
			files = (
				5DC63353168A150C000ED53C /* FRBTestGeometryPointFunctions.m in Sources */,
			);
			runOnlyForDeploymentPostprocessing = 0;
		};
/* End PBXSourcesBuildPhase section */

/* Begin PBXTargetDependency section */
		5DC632B81689D5BD000ED53C /* PBXTargetDependency */ = {
			isa = PBXTargetDependency;
			target = 5DC6329F1689D5BD000ED53C /* Frostbit */;
			targetProxy = 5DC632B71689D5BD000ED53C /* PBXContainerItemProxy */;
		};
/* End PBXTargetDependency section */

/* Begin PBXVariantGroup section */
		5DC632BD1689D5BD000ED53C /* InfoPlist.strings */ = {
			isa = PBXVariantGroup;
			children = (
				5DC632BE1689D5BD000ED53C /* en */,
			);
			name = InfoPlist.strings;
			sourceTree = "<group>";
		};
/* End PBXVariantGroup section */

/* Begin XCBuildConfiguration section */
		5DC632C31689D5BD000ED53C /* Debug */ = {
			isa = XCBuildConfiguration;
			buildSettings = {
				ALWAYS_SEARCH_USER_PATHS = NO;
				CLANG_CXX_LANGUAGE_STANDARD = "gnu++0x";
				CLANG_CXX_LIBRARY = "libc++";
				CLANG_ENABLE_OBJC_ARC = YES;
				CLANG_WARN_EMPTY_BODY = YES;
				CLANG_WARN__DUPLICATE_METHOD_MATCH = YES;
				COPY_PHASE_STRIP = NO;
				GCC_C_LANGUAGE_STANDARD = gnu99;
				GCC_DYNAMIC_NO_PIC = NO;
				GCC_OPTIMIZATION_LEVEL = 0;
				GCC_PREPROCESSOR_DEFINITIONS = (
					"DEBUG=1",
					"$(inherited)",
				);
				GCC_SYMBOLS_PRIVATE_EXTERN = NO;
				GCC_WARN_ABOUT_RETURN_TYPE = YES;
				GCC_WARN_UNINITIALIZED_AUTOS = YES;
				GCC_WARN_UNUSED_VARIABLE = YES;
				IPHONEOS_DEPLOYMENT_TARGET = 6.0;
				ONLY_ACTIVE_ARCH = YES;
				SDKROOT = iphoneos;
			};
			name = Debug;
		};
		5DC632C41689D5BD000ED53C /* Release */ = {
			isa = XCBuildConfiguration;
			buildSettings = {
				ALWAYS_SEARCH_USER_PATHS = NO;
				CLANG_CXX_LANGUAGE_STANDARD = "gnu++0x";
				CLANG_CXX_LIBRARY = "libc++";
				CLANG_ENABLE_OBJC_ARC = YES;
				CLANG_WARN_EMPTY_BODY = YES;
				CLANG_WARN__DUPLICATE_METHOD_MATCH = YES;
				COPY_PHASE_STRIP = YES;
				GCC_C_LANGUAGE_STANDARD = gnu99;
				GCC_WARN_ABOUT_RETURN_TYPE = YES;
				GCC_WARN_UNINITIALIZED_AUTOS = YES;
				GCC_WARN_UNUSED_VARIABLE = YES;
				IPHONEOS_DEPLOYMENT_TARGET = 6.0;
				SDKROOT = iphoneos;
				VALIDATE_PRODUCT = YES;
			};
			name = Release;
		};
		5DC632C61689D5BD000ED53C /* Debug */ = {
			isa = XCBuildConfiguration;
			buildSettings = {
				DSTROOT = /tmp/Frostbit.dst;
				GCC_PRECOMPILE_PREFIX_HEADER = YES;
				GCC_PREFIX_HEADER = "Frostbit/Frostbit-Prefix.pch";
				GCC_TREAT_WARNINGS_AS_ERRORS = YES;
				OTHER_LDFLAGS = "-ObjC";
				PRODUCT_NAME = "$(TARGET_NAME)";
				RUN_CLANG_STATIC_ANALYZER = YES;
				SKIP_INSTALL = YES;
			};
			name = Debug;
		};
		5DC632C71689D5BD000ED53C /* Release */ = {
			isa = XCBuildConfiguration;
			buildSettings = {
				DSTROOT = /tmp/Frostbit.dst;
				GCC_PRECOMPILE_PREFIX_HEADER = YES;
				GCC_PREFIX_HEADER = "Frostbit/Frostbit-Prefix.pch";
				GCC_TREAT_WARNINGS_AS_ERRORS = YES;
				OTHER_LDFLAGS = "-ObjC";
				PRODUCT_NAME = "$(TARGET_NAME)";
				RUN_CLANG_STATIC_ANALYZER = YES;
				SKIP_INSTALL = YES;
			};
			name = Release;
		};
		5DC632C91689D5BD000ED53C /* Debug */ = {
			isa = XCBuildConfiguration;
			buildSettings = {
				FRAMEWORK_SEARCH_PATHS = (
					"\"$(SDKROOT)/Developer/Library/Frameworks\"",
					"\"$(DEVELOPER_LIBRARY_DIR)/Frameworks\"",
				);
				GCC_PRECOMPILE_PREFIX_HEADER = YES;
				GCC_PREFIX_HEADER = "Frostbit/Frostbit-Prefix.pch";
				INFOPLIST_FILE = "FrostbitTests/FrostbitTests-Info.plist";
				PRODUCT_NAME = "$(TARGET_NAME)";
				WRAPPER_EXTENSION = octest;
			};
			name = Debug;
		};
		5DC632CA1689D5BD000ED53C /* Release */ = {
			isa = XCBuildConfiguration;
			buildSettings = {
				FRAMEWORK_SEARCH_PATHS = (
					"\"$(SDKROOT)/Developer/Library/Frameworks\"",
					"\"$(DEVELOPER_LIBRARY_DIR)/Frameworks\"",
				);
				GCC_PRECOMPILE_PREFIX_HEADER = YES;
				GCC_PREFIX_HEADER = "Frostbit/Frostbit-Prefix.pch";
				INFOPLIST_FILE = "FrostbitTests/FrostbitTests-Info.plist";
				PRODUCT_NAME = "$(TARGET_NAME)";
				WRAPPER_EXTENSION = octest;
			};
			name = Release;
		};
		5DC6334B1689FE94000ED53C /* Debug */ = {
			isa = XCBuildConfiguration;
			buildSettings = {
				PRODUCT_NAME = "$(TARGET_NAME)";
			};
			name = Debug;
		};
		5DC6334C1689FE94000ED53C /* Release */ = {
			isa = XCBuildConfiguration;
			buildSettings = {
				PRODUCT_NAME = "$(TARGET_NAME)";
			};
			name = Release;
		};
/* End XCBuildConfiguration section */

/* Begin XCConfigurationList section */
		5DC6329A1689D5BD000ED53C /* Build configuration list for PBXProject "Frostbit" */ = {
			isa = XCConfigurationList;
			buildConfigurations = (
				5DC632C31689D5BD000ED53C /* Debug */,
				5DC632C41689D5BD000ED53C /* Release */,
			);
			defaultConfigurationIsVisible = 0;
			defaultConfigurationName = Release;
		};
		5DC632C51689D5BD000ED53C /* Build configuration list for PBXNativeTarget "Frostbit" */ = {
			isa = XCConfigurationList;
			buildConfigurations = (
				5DC632C61689D5BD000ED53C /* Debug */,
				5DC632C71689D5BD000ED53C /* Release */,
			);
			defaultConfigurationIsVisible = 0;
			defaultConfigurationName = Release;
		};
		5DC632C81689D5BD000ED53C /* Build configuration list for PBXNativeTarget "FrostbitTests" */ = {
			isa = XCConfigurationList;
			buildConfigurations = (
				5DC632C91689D5BD000ED53C /* Debug */,
				5DC632CA1689D5BD000ED53C /* Release */,
			);
			defaultConfigurationIsVisible = 0;
			defaultConfigurationName = Release;
		};
		5DC6334A1689FE94000ED53C /* Build configuration list for PBXAggregateTarget "Appledoc" */ = {
			isa = XCConfigurationList;
			buildConfigurations = (
				5DC6334B1689FE94000ED53C /* Debug */,
				5DC6334C1689FE94000ED53C /* Release */,
			);
			defaultConfigurationIsVisible = 0;
			defaultConfigurationName = Release;
		};
/* End XCConfigurationList section */
	};
	rootObject = 5DC632971689D5BD000ED53C /* Project object */;
}
