// !$*UTF8*$!
{
	archiveVersion = 1;
	classes = {
	};
	objectVersion = 46;
	objects = {

/* Begin PBXAggregateTarget section */
		5DC633491689FE94000ED53C /* Appledoc */ = {
			isa = PBXAggregateTarget;
			buildConfigurationList = 5DC6334A1689FE94000ED53C /* Build configuration list for PBXAggregateTarget "Appledoc" */;
			buildPhases = (
				5DC6334D1689FE9E000ED53C /* ShellScript */,
			);
			dependencies = (
			);
			name = Appledoc;
			productName = Appledoc;
		};
/* End PBXAggregateTarget section */

/* Begin PBXBuildFile section */
		5D63983B171AAE7600CFECC1 /* FRBTestManagedObjectKVO.m in Sources */ = {isa = PBXBuildFile; fileRef = 5D63983A171AAE7600CFECC1 /* FRBTestManagedObjectKVO.m */; };
		5D639846171AAF5F00CFECC1 /* libOCMock.a in Frameworks */ = {isa = PBXBuildFile; fileRef = 5D63983D171AAF5F00CFECC1 /* libOCMock.a */; };
		5D639847171AAF5F00CFECC1 /* License.txt in Resources */ = {isa = PBXBuildFile; fileRef = 5D63983E171AAF5F00CFECC1 /* License.txt */; };
		5D639849171AB0DA00CFECC1 /* UIKit.framework in Frameworks */ = {isa = PBXBuildFile; fileRef = 5D639848171AB0DA00CFECC1 /* UIKit.framework */; };
		5D63984B171AB1AB00CFECC1 /* libFrostbit.a in Frameworks */ = {isa = PBXBuildFile; fileRef = 5DC632A01689D5BD000ED53C /* libFrostbit.a */; };
		5DC0B2BA168CD3DD0035A910 /* FRBKeyedTargetAction.m in Sources */ = {isa = PBXBuildFile; fileRef = 5DC0B2B9168CD3DD0035A910 /* FRBKeyedTargetAction.m */; };
		5DC0C87316E21649006ED854 /* FRBManagedObject.m in Sources */ = {isa = PBXBuildFile; fileRef = 5DC0C87216E21649006ED854 /* FRBManagedObject.m */; };
		5DC0C87616E2167F006ED854 /* FRBTestManagedObjectBasic.m in Sources */ = {isa = PBXBuildFile; fileRef = 5DC0C87516E2167F006ED854 /* FRBTestManagedObjectBasic.m */; };
		5DC0C87B16E25B58006ED854 /* FRBTestManagedObjectCustomGettersSetters.m in Sources */ = {isa = PBXBuildFile; fileRef = 5DC0C87A16E25B58006ED854 /* FRBTestManagedObjectCustomGettersSetters.m */; };
		5DC5DBD3170A7E4100741241 /* FRBKeyedSet.m in Sources */ = {isa = PBXBuildFile; fileRef = 5DC5DBD2170A7E4100741241 /* FRBKeyedSet.m */; };
		5DC5DBD9170B206500741241 /* FRBTestKeyedSet.m in Sources */ = {isa = PBXBuildFile; fileRef = 5DC5DBD8170B206500741241 /* FRBTestKeyedSet.m */; };
		5DC632A41689D5BD000ED53C /* Foundation.framework in Frameworks */ = {isa = PBXBuildFile; fileRef = 5DC632A31689D5BD000ED53C /* Foundation.framework */; };
		5DC632B31689D5BD000ED53C /* SenTestingKit.framework in Frameworks */ = {isa = PBXBuildFile; fileRef = 5DC632B21689D5BD000ED53C /* SenTestingKit.framework */; };
		5DC632B61689D5BD000ED53C /* Foundation.framework in Frameworks */ = {isa = PBXBuildFile; fileRef = 5DC632A31689D5BD000ED53C /* Foundation.framework */; };
		5DC632BF1689D5BD000ED53C /* InfoPlist.strings in Resources */ = {isa = PBXBuildFile; fileRef = 5DC632BD1689D5BD000ED53C /* InfoPlist.strings */; };
		5DC632CF1689D6BC000ED53C /* FRBPointFunctions.m in Sources */ = {isa = PBXBuildFile; fileRef = 5DC632CE1689D6BC000ED53C /* FRBPointFunctions.m */; };
		5DC632D21689D6CB000ED53C /* FRBRectFunctions.m in Sources */ = {isa = PBXBuildFile; fileRef = 5DC632D11689D6CB000ED53C /* FRBRectFunctions.m */; };
		5DC633351689FC2F000ED53C /* FRBDispatchFunctions.m in Sources */ = {isa = PBXBuildFile; fileRef = 5DC633341689FC2F000ED53C /* FRBDispatchFunctions.m */; };
		5DC63350168A104C000ED53C /* FRBSizeFunctions.m in Sources */ = {isa = PBXBuildFile; fileRef = 5DC6334F168A104C000ED53C /* FRBSizeFunctions.m */; };
		5DC63353168A150C000ED53C /* FRBTestGeometryPointFunctions.m in Sources */ = {isa = PBXBuildFile; fileRef = 5DC63352168A150C000ED53C /* FRBTestGeometryPointFunctions.m */; };
		5DC63369168A2A0C000ED53C /* CoreGraphics.framework in Frameworks */ = {isa = PBXBuildFile; fileRef = 5DC63368168A2A0B000ED53C /* CoreGraphics.framework */; };
		5DC63384168ACBD5000ED53C /* FRBCommonCryptoFunctions.m in Sources */ = {isa = PBXBuildFile; fileRef = 5DC63383168ACBD5000ED53C /* FRBCommonCryptoFunctions.m */; };
		5DC63387168ACC17000ED53C /* NSData+FRBCommonCrypto.m in Sources */ = {isa = PBXBuildFile; fileRef = 5DC63386168ACC17000ED53C /* NSData+FRBCommonCrypto.m */; };
		5DC6338A168ACC26000ED53C /* NSString+FRBCommonCrypto.m in Sources */ = {isa = PBXBuildFile; fileRef = 5DC63389168ACC26000ED53C /* NSString+FRBCommonCrypto.m */; };
		5DCC9616168DA780004F8D4E /* FRBDatePickerPopover.m in Sources */ = {isa = PBXBuildFile; fileRef = 5DCC9615168DA780004F8D4E /* FRBDatePickerPopover.m */; };
		5DCC9619168DA7A9004F8D4E /* UIViewController+FRBNavigationStack.m in Sources */ = {isa = PBXBuildFile; fileRef = 5DCC9618168DA7A9004F8D4E /* UIViewController+FRBNavigationStack.m */; };
		7C1CC21C17253D3600B64327 /* FRBAttributedStringBuilder.m in Sources */ = {isa = PBXBuildFile; fileRef = 7C1CC21B17253D3600B64327 /* FRBAttributedStringBuilder.m */; };
		7C3943EF17265DDD000BC703 /* FRBDiff.m in Sources */ = {isa = PBXBuildFile; fileRef = 7C3943EE17265DDD000BC703 /* FRBDiff.m */; };
		7C3943F417265E3B000BC703 /* FRBDiffTestTraitsCompliance.m in Sources */ = {isa = PBXBuildFile; fileRef = 7C3943F317265E3B000BC703 /* FRBDiffTestTraitsCompliance.m */; };
		7C3943F817265FC6000BC703 /* NSDictionary+FRBDictionaryTraitsCompliance.m in Sources */ = {isa = PBXBuildFile; fileRef = 7C3943F717265FC6000BC703 /* NSDictionary+FRBDictionaryTraitsCompliance.m */; };
		7C3943FB1726641A000BC703 /* FRBDiffTestTrivial.m in Sources */ = {isa = PBXBuildFile; fileRef = 7C3943FA1726641A000BC703 /* FRBDiffTestTrivial.m */; };
		7CA4A48017253FC500C36E4D /* FRBTestAttributedStringErrors.m in Sources */ = {isa = PBXBuildFile; fileRef = 7CA4A47717253FC500C36E4D /* FRBTestAttributedStringErrors.m */; };
		7CA4A48117253FC500C36E4D /* FRBTestAttributedStringEscapes.m in Sources */ = {isa = PBXBuildFile; fileRef = 7CA4A47917253FC500C36E4D /* FRBTestAttributedStringEscapes.m */; };
		7CA4A48217253FC500C36E4D /* FRBAttributedStringTest.m in Sources */ = {isa = PBXBuildFile; fileRef = 7CA4A47B17253FC500C36E4D /* FRBAttributedStringTest.m */; };
		7CA4A48317253FC500C36E4D /* FRBTestAttributedStringInlineStylesApplication.m in Sources */ = {isa = PBXBuildFile; fileRef = 7CA4A47D17253FC500C36E4D /* FRBTestAttributedStringInlineStylesApplication.m */; };
		7CA4A48417253FC500C36E4D /* FRBTestAttributedStringRegisteredStylesApplication.m in Sources */ = {isa = PBXBuildFile; fileRef = 7CA4A47F17253FC500C36E4D /* FRBTestAttributedStringRegisteredStylesApplication.m */; };
		7CA4A486172544AA00C36E4D /* CoreText.framework in Frameworks */ = {isa = PBXBuildFile; fileRef = 7CA4A485172544AA00C36E4D /* CoreText.framework */; };
		7CA4A487172544B800C36E4D /* CoreGraphics.framework in Frameworks */ = {isa = PBXBuildFile; fileRef = 5DC63368168A2A0B000ED53C /* CoreGraphics.framework */; };
/* End PBXBuildFile section */

/* Begin PBXContainerItemProxy section */
		5DC632B71689D5BD000ED53C /* PBXContainerItemProxy */ = {
			isa = PBXContainerItemProxy;
			containerPortal = 5DC632971689D5BD000ED53C /* Project object */;
			proxyType = 1;
			remoteGlobalIDString = 5DC6329F1689D5BD000ED53C;
			remoteInfo = Frostbit;
		};
/* End PBXContainerItemProxy section */

/* Begin PBXCopyFilesBuildPhase section */
		5DC6329E1689D5BD000ED53C /* CopyFiles */ = {
			isa = PBXCopyFilesBuildPhase;
			buildActionMask = 2147483647;
			dstPath = "include/${PRODUCT_NAME}";
			dstSubfolderSpec = 16;
			files = (
			);
			runOnlyForDeploymentPostprocessing = 0;
		};
/* End PBXCopyFilesBuildPhase section */

/* Begin PBXFileReference section */
		5D639839171AAE7600CFECC1 /* FRBTestManagedObjectKVO.h */ = {isa = PBXFileReference; fileEncoding = 4; lastKnownFileType = sourcecode.c.h; path = FRBTestManagedObjectKVO.h; sourceTree = "<group>"; };
		5D63983A171AAE7600CFECC1 /* FRBTestManagedObjectKVO.m */ = {isa = PBXFileReference; fileEncoding = 4; lastKnownFileType = sourcecode.c.objc; path = FRBTestManagedObjectKVO.m; sourceTree = "<group>"; };
		5D63983D171AAF5F00CFECC1 /* libOCMock.a */ = {isa = PBXFileReference; lastKnownFileType = archive.ar; path = libOCMock.a; sourceTree = "<group>"; };
		5D63983E171AAF5F00CFECC1 /* License.txt */ = {isa = PBXFileReference; fileEncoding = 4; lastKnownFileType = text; path = License.txt; sourceTree = "<group>"; };
		5D639840171AAF5F00CFECC1 /* NSNotificationCenter+OCMAdditions.h */ = {isa = PBXFileReference; fileEncoding = 4; lastKnownFileType = sourcecode.c.h; path = "NSNotificationCenter+OCMAdditions.h"; sourceTree = "<group>"; };
		5D639841171AAF5F00CFECC1 /* OCMArg.h */ = {isa = PBXFileReference; fileEncoding = 4; lastKnownFileType = sourcecode.c.h; path = OCMArg.h; sourceTree = "<group>"; };
		5D639842171AAF5F00CFECC1 /* OCMConstraint.h */ = {isa = PBXFileReference; fileEncoding = 4; lastKnownFileType = sourcecode.c.h; path = OCMConstraint.h; sourceTree = "<group>"; };
		5D639843171AAF5F00CFECC1 /* OCMock.h */ = {isa = PBXFileReference; fileEncoding = 4; lastKnownFileType = sourcecode.c.h; path = OCMock.h; sourceTree = "<group>"; };
		5D639844171AAF5F00CFECC1 /* OCMockObject.h */ = {isa = PBXFileReference; fileEncoding = 4; lastKnownFileType = sourcecode.c.h; path = OCMockObject.h; sourceTree = "<group>"; };
		5D639845171AAF5F00CFECC1 /* OCMockRecorder.h */ = {isa = PBXFileReference; fileEncoding = 4; lastKnownFileType = sourcecode.c.h; path = OCMockRecorder.h; sourceTree = "<group>"; };
		5D639848171AB0DA00CFECC1 /* UIKit.framework */ = {isa = PBXFileReference; lastKnownFileType = wrapper.framework; name = UIKit.framework; path = System/Library/Frameworks/UIKit.framework; sourceTree = SDKROOT; };
		5DBD566E169717BA00728BB4 /* FRBGeometryTypes.h */ = {isa = PBXFileReference; lastKnownFileType = sourcecode.c.h; path = FRBGeometryTypes.h; sourceTree = "<group>"; };
		5DC0B2B8168CD3DD0035A910 /* FRBKeyedTargetAction.h */ = {isa = PBXFileReference; fileEncoding = 4; lastKnownFileType = sourcecode.c.h; path = FRBKeyedTargetAction.h; sourceTree = "<group>"; };
		5DC0B2B9168CD3DD0035A910 /* FRBKeyedTargetAction.m */ = {isa = PBXFileReference; fileEncoding = 4; lastKnownFileType = sourcecode.c.objc; path = FRBKeyedTargetAction.m; sourceTree = "<group>"; };
		5DC0C87116E21649006ED854 /* FRBManagedObject.h */ = {isa = PBXFileReference; fileEncoding = 4; lastKnownFileType = sourcecode.c.h; path = FRBManagedObject.h; sourceTree = "<group>"; };
		5DC0C87216E21649006ED854 /* FRBManagedObject.m */ = {isa = PBXFileReference; fileEncoding = 4; lastKnownFileType = sourcecode.c.objc; path = FRBManagedObject.m; sourceTree = "<group>"; };
		5DC0C87416E2167F006ED854 /* FRBTestManagedObjectBasic.h */ = {isa = PBXFileReference; fileEncoding = 4; lastKnownFileType = sourcecode.c.h; path = FRBTestManagedObjectBasic.h; sourceTree = "<group>"; };
		5DC0C87516E2167F006ED854 /* FRBTestManagedObjectBasic.m */ = {isa = PBXFileReference; fileEncoding = 4; lastKnownFileType = sourcecode.c.objc; path = FRBTestManagedObjectBasic.m; sourceTree = "<group>"; };
		5DC0C87916E25B58006ED854 /* FRBTestManagedObjectCustomGettersSetters.h */ = {isa = PBXFileReference; fileEncoding = 4; lastKnownFileType = sourcecode.c.h; path = FRBTestManagedObjectCustomGettersSetters.h; sourceTree = "<group>"; };
		5DC0C87A16E25B58006ED854 /* FRBTestManagedObjectCustomGettersSetters.m */ = {isa = PBXFileReference; fileEncoding = 4; lastKnownFileType = sourcecode.c.objc; path = FRBTestManagedObjectCustomGettersSetters.m; sourceTree = "<group>"; };
		5DC5DBD1170A7E4100741241 /* FRBKeyedSet.h */ = {isa = PBXFileReference; fileEncoding = 4; lastKnownFileType = sourcecode.c.h; path = FRBKeyedSet.h; sourceTree = "<group>"; };
		5DC5DBD2170A7E4100741241 /* FRBKeyedSet.m */ = {isa = PBXFileReference; fileEncoding = 4; lastKnownFileType = sourcecode.c.objc; path = FRBKeyedSet.m; sourceTree = "<group>"; };
		5DC5DBD4170A810D00741241 /* FRBDataStructures.h */ = {isa = PBXFileReference; lastKnownFileType = sourcecode.c.h; path = FRBDataStructures.h; sourceTree = "<group>"; };
		5DC5DBD7170B206500741241 /* FRBTestKeyedSet.h */ = {isa = PBXFileReference; fileEncoding = 4; lastKnownFileType = sourcecode.c.h; path = FRBTestKeyedSet.h; sourceTree = "<group>"; };
		5DC5DBD8170B206500741241 /* FRBTestKeyedSet.m */ = {isa = PBXFileReference; fileEncoding = 4; lastKnownFileType = sourcecode.c.objc; path = FRBTestKeyedSet.m; sourceTree = "<group>"; };
		5DC632A01689D5BD000ED53C /* libFrostbit.a */ = {isa = PBXFileReference; explicitFileType = archive.ar; includeInIndex = 0; path = libFrostbit.a; sourceTree = BUILT_PRODUCTS_DIR; };
		5DC632A31689D5BD000ED53C /* Foundation.framework */ = {isa = PBXFileReference; lastKnownFileType = wrapper.framework; name = Foundation.framework; path = System/Library/Frameworks/Foundation.framework; sourceTree = SDKROOT; };
		5DC632A71689D5BD000ED53C /* Frostbit-Prefix.pch */ = {isa = PBXFileReference; lastKnownFileType = sourcecode.c.h; path = "Frostbit-Prefix.pch"; sourceTree = "<group>"; };
		5DC632B11689D5BD000ED53C /* FrostbitTests.octest */ = {isa = PBXFileReference; explicitFileType = wrapper.cfbundle; includeInIndex = 0; path = FrostbitTests.octest; sourceTree = BUILT_PRODUCTS_DIR; };
		5DC632B21689D5BD000ED53C /* SenTestingKit.framework */ = {isa = PBXFileReference; lastKnownFileType = wrapper.framework; name = SenTestingKit.framework; path = Library/Frameworks/SenTestingKit.framework; sourceTree = DEVELOPER_DIR; };
		5DC632BC1689D5BD000ED53C /* FrostbitTests-Info.plist */ = {isa = PBXFileReference; lastKnownFileType = text.plist.xml; path = "FrostbitTests-Info.plist"; sourceTree = "<group>"; };
		5DC632BE1689D5BD000ED53C /* en */ = {isa = PBXFileReference; lastKnownFileType = text.plist.strings; name = en; path = en.lproj/InfoPlist.strings; sourceTree = "<group>"; };
		5DC632CD1689D6BC000ED53C /* FRBPointFunctions.h */ = {isa = PBXFileReference; fileEncoding = 4; lastKnownFileType = sourcecode.c.h; path = FRBPointFunctions.h; sourceTree = "<group>"; };
		5DC632CE1689D6BC000ED53C /* FRBPointFunctions.m */ = {isa = PBXFileReference; fileEncoding = 4; lastKnownFileType = sourcecode.c.objc; path = FRBPointFunctions.m; sourceTree = "<group>"; };
		5DC632D01689D6CB000ED53C /* FRBRectFunctions.h */ = {isa = PBXFileReference; fileEncoding = 4; lastKnownFileType = sourcecode.c.h; path = FRBRectFunctions.h; sourceTree = "<group>"; };
		5DC632D11689D6CB000ED53C /* FRBRectFunctions.m */ = {isa = PBXFileReference; fileEncoding = 4; lastKnownFileType = sourcecode.c.objc; path = FRBRectFunctions.m; sourceTree = "<group>"; };
		5DC632D41689D769000ED53C /* FRBCompilerAttributes.h */ = {isa = PBXFileReference; lastKnownFileType = sourcecode.c.h; path = FRBCompilerAttributes.h; sourceTree = "<group>"; };
		5DC632D61689D7BA000ED53C /* FRBTypesCommon.h */ = {isa = PBXFileReference; lastKnownFileType = sourcecode.c.h; path = FRBTypesCommon.h; sourceTree = "<group>"; };
		5DC632D71689D8A8000ED53C /* FRBGeometry.h */ = {isa = PBXFileReference; lastKnownFileType = sourcecode.c.h; path = FRBGeometry.h; sourceTree = "<group>"; };
		5DC633231689FAEE000ED53C /* FRBCommon.h */ = {isa = PBXFileReference; lastKnownFileType = sourcecode.c.h; path = FRBCommon.h; sourceTree = "<group>"; };
		5DC633321689FC2F000ED53C /* FRBDispatch.h */ = {isa = PBXFileReference; fileEncoding = 4; lastKnownFileType = sourcecode.c.h; path = FRBDispatch.h; sourceTree = "<group>"; };
		5DC633331689FC2F000ED53C /* FRBDispatchFunctions.h */ = {isa = PBXFileReference; fileEncoding = 4; lastKnownFileType = sourcecode.c.h; path = FRBDispatchFunctions.h; sourceTree = "<group>"; };
		5DC633341689FC2F000ED53C /* FRBDispatchFunctions.m */ = {isa = PBXFileReference; fileEncoding = 4; lastKnownFileType = sourcecode.c.objc; path = FRBDispatchFunctions.m; sourceTree = "<group>"; };
		5DC6334E168A104C000ED53C /* FRBSizeFunctions.h */ = {isa = PBXFileReference; fileEncoding = 4; lastKnownFileType = sourcecode.c.h; path = FRBSizeFunctions.h; sourceTree = "<group>"; };
		5DC6334F168A104C000ED53C /* FRBSizeFunctions.m */ = {isa = PBXFileReference; fileEncoding = 4; lastKnownFileType = sourcecode.c.objc; path = FRBSizeFunctions.m; sourceTree = "<group>"; };
		5DC63351168A150C000ED53C /* FRBTestGeometryPointFunctions.h */ = {isa = PBXFileReference; fileEncoding = 4; lastKnownFileType = sourcecode.c.h; path = FRBTestGeometryPointFunctions.h; sourceTree = "<group>"; };
		5DC63352168A150C000ED53C /* FRBTestGeometryPointFunctions.m */ = {isa = PBXFileReference; fileEncoding = 4; lastKnownFileType = sourcecode.c.objc; path = FRBTestGeometryPointFunctions.m; sourceTree = "<group>"; };
		5DC63368168A2A0B000ED53C /* CoreGraphics.framework */ = {isa = PBXFileReference; lastKnownFileType = wrapper.framework; name = CoreGraphics.framework; path = System/Library/Frameworks/CoreGraphics.framework; sourceTree = SDKROOT; };
		5DC6336E168A2B47000ED53C /* FRBAssertMacros.h */ = {isa = PBXFileReference; lastKnownFileType = sourcecode.c.h; path = FRBAssertMacros.h; sourceTree = "<group>"; };
		5DC6337D168ACB7E000ED53C /* FRBCommonCrypto.h */ = {isa = PBXFileReference; lastKnownFileType = sourcecode.c.h; path = FRBCommonCrypto.h; sourceTree = "<group>"; };
		5DC63382168ACBD5000ED53C /* FRBCommonCryptoFunctions.h */ = {isa = PBXFileReference; fileEncoding = 4; lastKnownFileType = sourcecode.c.h; path = FRBCommonCryptoFunctions.h; sourceTree = "<group>"; };
		5DC63383168ACBD5000ED53C /* FRBCommonCryptoFunctions.m */ = {isa = PBXFileReference; fileEncoding = 4; lastKnownFileType = sourcecode.c.objc; path = FRBCommonCryptoFunctions.m; sourceTree = "<group>"; };
		5DC63385168ACC17000ED53C /* NSData+FRBCommonCrypto.h */ = {isa = PBXFileReference; fileEncoding = 4; lastKnownFileType = sourcecode.c.h; path = "NSData+FRBCommonCrypto.h"; sourceTree = "<group>"; };
		5DC63386168ACC17000ED53C /* NSData+FRBCommonCrypto.m */ = {isa = PBXFileReference; fileEncoding = 4; lastKnownFileType = sourcecode.c.objc; path = "NSData+FRBCommonCrypto.m"; sourceTree = "<group>"; };
		5DC63388168ACC26000ED53C /* NSString+FRBCommonCrypto.h */ = {isa = PBXFileReference; fileEncoding = 4; lastKnownFileType = sourcecode.c.h; path = "NSString+FRBCommonCrypto.h"; sourceTree = "<group>"; };
		5DC63389168ACC26000ED53C /* NSString+FRBCommonCrypto.m */ = {isa = PBXFileReference; fileEncoding = 4; lastKnownFileType = sourcecode.c.objc; path = "NSString+FRBCommonCrypto.m"; sourceTree = "<group>"; };
		5DCC95EB168D9B43004F8D4E /* FRBUIKit.h */ = {isa = PBXFileReference; lastKnownFileType = sourcecode.c.h; path = FRBUIKit.h; sourceTree = "<group>"; };
		5DCC9614168DA780004F8D4E /* FRBDatePickerPopover.h */ = {isa = PBXFileReference; fileEncoding = 4; lastKnownFileType = sourcecode.c.h; path = FRBDatePickerPopover.h; sourceTree = "<group>"; };
		5DCC9615168DA780004F8D4E /* FRBDatePickerPopover.m */ = {isa = PBXFileReference; fileEncoding = 4; lastKnownFileType = sourcecode.c.objc; path = FRBDatePickerPopover.m; sourceTree = "<group>"; };
		5DCC9617168DA7A9004F8D4E /* UIViewController+FRBNavigationStack.h */ = {isa = PBXFileReference; fileEncoding = 4; lastKnownFileType = sourcecode.c.h; path = "UIViewController+FRBNavigationStack.h"; sourceTree = "<group>"; };
		5DCC9618168DA7A9004F8D4E /* UIViewController+FRBNavigationStack.m */ = {isa = PBXFileReference; fileEncoding = 4; lastKnownFileType = sourcecode.c.objc; path = "UIViewController+FRBNavigationStack.m"; sourceTree = "<group>"; };
		7C1CC21A17253D3600B64327 /* FRBAttributedStringBuilder.h */ = {isa = PBXFileReference; fileEncoding = 4; lastKnownFileType = sourcecode.c.h; path = FRBAttributedStringBuilder.h; sourceTree = "<group>"; };
		7C1CC21B17253D3600B64327 /* FRBAttributedStringBuilder.m */ = {isa = PBXFileReference; fileEncoding = 4; lastKnownFileType = sourcecode.c.objc; path = FRBAttributedStringBuilder.m; sourceTree = "<group>"; };
		7C3943ED17265DDD000BC703 /* FRBDiff.h */ = {isa = PBXFileReference; fileEncoding = 4; lastKnownFileType = sourcecode.c.h; path = FRBDiff.h; sourceTree = "<group>"; };
		7C3943EE17265DDD000BC703 /* FRBDiff.m */ = {isa = PBXFileReference; fileEncoding = 4; lastKnownFileType = sourcecode.c.objc; path = FRBDiff.m; sourceTree = "<group>"; };
		7C3943F017265E1A000BC703 /* FRBDictionaryTraits.h */ = {isa = PBXFileReference; lastKnownFileType = sourcecode.c.h; path = FRBDictionaryTraits.h; sourceTree = "<group>"; };
		7C3943F217265E3B000BC703 /* FRBDiffTestTraitsCompliance.h */ = {isa = PBXFileReference; fileEncoding = 4; lastKnownFileType = sourcecode.c.h; path = FRBDiffTestTraitsCompliance.h; sourceTree = "<group>"; };
		7C3943F317265E3B000BC703 /* FRBDiffTestTraitsCompliance.m */ = {isa = PBXFileReference; fileEncoding = 4; lastKnownFileType = sourcecode.c.objc; path = FRBDiffTestTraitsCompliance.m; sourceTree = "<group>"; };
		7C3943F617265FC6000BC703 /* NSDictionary+FRBDictionaryTraitsCompliance.h */ = {isa = PBXFileReference; fileEncoding = 4; lastKnownFileType = sourcecode.c.h; path = "NSDictionary+FRBDictionaryTraitsCompliance.h"; sourceTree = "<group>"; };
		7C3943F717265FC6000BC703 /* NSDictionary+FRBDictionaryTraitsCompliance.m */ = {isa = PBXFileReference; fileEncoding = 4; lastKnownFileType = sourcecode.c.objc; path = "NSDictionary+FRBDictionaryTraitsCompliance.m"; sourceTree = "<group>"; };
		7C3943F91726641A000BC703 /* FRBDiffTestTrivial.h */ = {isa = PBXFileReference; fileEncoding = 4; lastKnownFileType = sourcecode.c.h; path = FRBDiffTestTrivial.h; sourceTree = "<group>"; };
		7C3943FA1726641A000BC703 /* FRBDiffTestTrivial.m */ = {isa = PBXFileReference; fileEncoding = 4; lastKnownFileType = sourcecode.c.objc; path = FRBDiffTestTrivial.m; sourceTree = "<group>"; };
		7CA4A47617253FC500C36E4D /* FRBTestAttributedStringErrors.h */ = {isa = PBXFileReference; fileEncoding = 4; lastKnownFileType = sourcecode.c.h; path = FRBTestAttributedStringErrors.h; sourceTree = "<group>"; };
		7CA4A47717253FC500C36E4D /* FRBTestAttributedStringErrors.m */ = {isa = PBXFileReference; fileEncoding = 4; lastKnownFileType = sourcecode.c.objc; path = FRBTestAttributedStringErrors.m; sourceTree = "<group>"; };
		7CA4A47817253FC500C36E4D /* FRBTestAttributedStringEscapes.h */ = {isa = PBXFileReference; fileEncoding = 4; lastKnownFileType = sourcecode.c.h; path = FRBTestAttributedStringEscapes.h; sourceTree = "<group>"; };
		7CA4A47917253FC500C36E4D /* FRBTestAttributedStringEscapes.m */ = {isa = PBXFileReference; fileEncoding = 4; lastKnownFileType = sourcecode.c.objc; path = FRBTestAttributedStringEscapes.m; sourceTree = "<group>"; };
		7CA4A47A17253FC500C36E4D /* FRBAttributedStringTest.h */ = {isa = PBXFileReference; fileEncoding = 4; lastKnownFileType = sourcecode.c.h; path = FRBAttributedStringTest.h; sourceTree = "<group>"; };
		7CA4A47B17253FC500C36E4D /* FRBAttributedStringTest.m */ = {isa = PBXFileReference; fileEncoding = 4; lastKnownFileType = sourcecode.c.objc; path = FRBAttributedStringTest.m; sourceTree = "<group>"; };
		7CA4A47C17253FC500C36E4D /* FRBTestAttributedStringInlineStylesApplication.h */ = {isa = PBXFileReference; fileEncoding = 4; lastKnownFileType = sourcecode.c.h; path = FRBTestAttributedStringInlineStylesApplication.h; sourceTree = "<group>"; };
		7CA4A47D17253FC500C36E4D /* FRBTestAttributedStringInlineStylesApplication.m */ = {isa = PBXFileReference; fileEncoding = 4; lastKnownFileType = sourcecode.c.objc; path = FRBTestAttributedStringInlineStylesApplication.m; sourceTree = "<group>"; };
		7CA4A47E17253FC500C36E4D /* FRBTestAttributedStringRegisteredStylesApplication.h */ = {isa = PBXFileReference; fileEncoding = 4; lastKnownFileType = sourcecode.c.h; path = FRBTestAttributedStringRegisteredStylesApplication.h; sourceTree = "<group>"; };
		7CA4A47F17253FC500C36E4D /* FRBTestAttributedStringRegisteredStylesApplication.m */ = {isa = PBXFileReference; fileEncoding = 4; lastKnownFileType = sourcecode.c.objc; path = FRBTestAttributedStringRegisteredStylesApplication.m; sourceTree = "<group>"; };
		7CA4A485172544AA00C36E4D /* CoreText.framework */ = {isa = PBXFileReference; lastKnownFileType = wrapper.framework; name = CoreText.framework; path = System/Library/Frameworks/CoreText.framework; sourceTree = SDKROOT; };
/* End PBXFileReference section */

/* Begin PBXFrameworksBuildPhase section */
		5DC6329D1689D5BD000ED53C /* Frameworks */ = {
			isa = PBXFrameworksBuildPhase;
			buildActionMask = 2147483647;
			files = (
				5DC63369168A2A0C000ED53C /* CoreGraphics.framework in Frameworks */,
				5DC632A41689D5BD000ED53C /* Foundation.framework in Frameworks */,
			);
			runOnlyForDeploymentPostprocessing = 0;
		};
		5DC632AD1689D5BD000ED53C /* Frameworks */ = {
			isa = PBXFrameworksBuildPhase;
			buildActionMask = 2147483647;
			files = (
				7CA4A487172544B800C36E4D /* CoreGraphics.framework in Frameworks */,
				7CA4A486172544AA00C36E4D /* CoreText.framework in Frameworks */,
				5D63984B171AB1AB00CFECC1 /* libFrostbit.a in Frameworks */,
				5D639849171AB0DA00CFECC1 /* UIKit.framework in Frameworks */,
				5DC632B31689D5BD000ED53C /* SenTestingKit.framework in Frameworks */,
				5DC632B61689D5BD000ED53C /* Foundation.framework in Frameworks */,
				5D639846171AAF5F00CFECC1 /* libOCMock.a in Frameworks */,
			);
			runOnlyForDeploymentPostprocessing = 0;
		};
/* End PBXFrameworksBuildPhase section */

/* Begin PBXGroup section */
		5D63983C171AAF5F00CFECC1 /* OCMock */ = {
			isa = PBXGroup;
			children = (
				5D63983D171AAF5F00CFECC1 /* libOCMock.a */,
				5D63983E171AAF5F00CFECC1 /* License.txt */,
				5D63983F171AAF5F00CFECC1 /* OCMock */,
			);
			path = OCMock;
			sourceTree = "<group>";
		};
		5D63983F171AAF5F00CFECC1 /* OCMock */ = {
			isa = PBXGroup;
			children = (
				5D639840171AAF5F00CFECC1 /* NSNotificationCenter+OCMAdditions.h */,
				5D639841171AAF5F00CFECC1 /* OCMArg.h */,
				5D639842171AAF5F00CFECC1 /* OCMConstraint.h */,
				5D639843171AAF5F00CFECC1 /* OCMock.h */,
				5D639844171AAF5F00CFECC1 /* OCMockObject.h */,
				5D639845171AAF5F00CFECC1 /* OCMockRecorder.h */,
			);
			path = OCMock;
			sourceTree = "<group>";
		};
		5DC0B2B6168CD3B90035A910 /* Keyed Target Action */ = {
			isa = PBXGroup;
			children = (
				5DC0B2B8168CD3DD0035A910 /* FRBKeyedTargetAction.h */,
				5DC0B2B9168CD3DD0035A910 /* FRBKeyedTargetAction.m */,
			);
			name = "Keyed Target Action";
			sourceTree = "<group>";
		};
		5DC0C86E16E21637006ED854 /* Managed Objects */ = {
			isa = PBXGroup;
			children = (
				5DC0C86F16E21637006ED854 /* Classes */,
			);
			name = "Managed Objects";
			path = ManagedObjects;
			sourceTree = "<group>";
		};
		5DC0C86F16E21637006ED854 /* Classes */ = {
			isa = PBXGroup;
			children = (
				5DC0C87016E21637006ED854 /* FRBManagedObject */,
			);
			path = Classes;
			sourceTree = "<group>";
		};
		5DC0C87016E21637006ED854 /* FRBManagedObject */ = {
			isa = PBXGroup;
			children = (
				5DC0C87116E21649006ED854 /* FRBManagedObject.h */,
				5DC0C87216E21649006ED854 /* FRBManagedObject.m */,
			);
			path = FRBManagedObject;
			sourceTree = "<group>";
		};
		5DC0C87716E21685006ED854 /* Managed Objects */ = {
			isa = PBXGroup;
			children = (
				5DC0C87416E2167F006ED854 /* FRBTestManagedObjectBasic.h */,
				5DC0C87516E2167F006ED854 /* FRBTestManagedObjectBasic.m */,
				5DC0C87916E25B58006ED854 /* FRBTestManagedObjectCustomGettersSetters.h */,
				5DC0C87A16E25B58006ED854 /* FRBTestManagedObjectCustomGettersSetters.m */,
				5D639839171AAE7600CFECC1 /* FRBTestManagedObjectKVO.h */,
				5D63983A171AAE7600CFECC1 /* FRBTestManagedObjectKVO.m */,
			);
			name = "Managed Objects";
			sourceTree = "<group>";
		};
		5DC5DBCE170A7DF500741241 /* DataStructures */ = {
			isa = PBXGroup;
			children = (
				5DC5DBD4170A810D00741241 /* FRBDataStructures.h */,
				5DC5DBCF170A7E1D00741241 /* Classes */,
			);
			path = DataStructures;
			sourceTree = "<group>";
		};
		5DC5DBCF170A7E1D00741241 /* Classes */ = {
			isa = PBXGroup;
			children = (
				7C3943EC17265DCB000BC703 /* FRBDiff */,
				5DC5DBD0170A7E3400741241 /* FRBKeyedSet */,
			);
			path = Classes;
			sourceTree = "<group>";
		};
		5DC5DBD0170A7E3400741241 /* FRBKeyedSet */ = {
			isa = PBXGroup;
			children = (
				5DC5DBD1170A7E4100741241 /* FRBKeyedSet.h */,
				5DC5DBD2170A7E4100741241 /* FRBKeyedSet.m */,
			);
			path = FRBKeyedSet;
			sourceTree = "<group>";
		};
		5DC5DBD5170B202C00741241 /* FRBKeyedSet */ = {
			isa = PBXGroup;
			children = (
				5DC5DBD7170B206500741241 /* FRBTestKeyedSet.h */,
				5DC5DBD8170B206500741241 /* FRBTestKeyedSet.m */,
			);
			name = FRBKeyedSet;
			sourceTree = "<group>";
		};
		5DC632951689D5BD000ED53C = {
			isa = PBXGroup;
			children = (
				5DC632A51689D5BD000ED53C /* Frostbit */,
				5DC632BA1689D5BD000ED53C /* FrostbitTests */,
				5DC632A21689D5BD000ED53C /* Frameworks */,
				5DC632A11689D5BD000ED53C /* Products */,
			);
			sourceTree = "<group>";
		};
		5DC632A11689D5BD000ED53C /* Products */ = {
			isa = PBXGroup;
			children = (
				5DC632A01689D5BD000ED53C /* libFrostbit.a */,
				5DC632B11689D5BD000ED53C /* FrostbitTests.octest */,
			);
			name = Products;
			sourceTree = "<group>";
		};
		5DC632A21689D5BD000ED53C /* Frameworks */ = {
			isa = PBXGroup;
			children = (
				7CA4A485172544AA00C36E4D /* CoreText.framework */,
				5D639848171AB0DA00CFECC1 /* UIKit.framework */,
				5DC63368168A2A0B000ED53C /* CoreGraphics.framework */,
				5DC632A31689D5BD000ED53C /* Foundation.framework */,
				5DC632B21689D5BD000ED53C /* SenTestingKit.framework */,
			);
			name = Frameworks;
			sourceTree = "<group>";
		};
		5DC632A51689D5BD000ED53C /* Frostbit */ = {
			isa = PBXGroup;
			children = (
				5DC5DBCE170A7DF500741241 /* DataStructures */,
				5DC0C86E16E21637006ED854 /* Managed Objects */,
				5DCC95E4168D9AF3004F8D4E /* UIKit */,
				5DC632CC1689D674000ED53C /* Common */,
				5DC633311689FC1C000ED53C /* Dispatch */,
				5DC632CB1689D674000ED53C /* Geometry */,
				5DC6337C168ACB68000ED53C /* CommonCrypto */,
				5DC632A61689D5BD000ED53C /* Supporting Files */,
			);
			path = Frostbit;
			sourceTree = "<group>";
		};
		5DC632A61689D5BD000ED53C /* Supporting Files */ = {
			isa = PBXGroup;
			children = (
				5DC632A71689D5BD000ED53C /* Frostbit-Prefix.pch */,
			);
			name = "Supporting Files";
			sourceTree = "<group>";
		};
		5DC632BA1689D5BD000ED53C /* FrostbitTests */ = {
			isa = PBXGroup;
			children = (
				7C3943F117265E21000BC703 /* FRBDiff */,
				7C1CC21D17253E0C00B64327 /* FRBAttributedString */,
				5DC5DBD5170B202C00741241 /* FRBKeyedSet */,
				5DC0C87716E21685006ED854 /* Managed Objects */,
				5DC63351168A150C000ED53C /* FRBTestGeometryPointFunctions.h */,
				5DC63352168A150C000ED53C /* FRBTestGeometryPointFunctions.m */,
				5DC632BB1689D5BD000ED53C /* Supporting Files */,
			);
			path = FrostbitTests;
			sourceTree = "<group>";
		};
		5DC632BB1689D5BD000ED53C /* Supporting Files */ = {
			isa = PBXGroup;
			children = (
				5D63983C171AAF5F00CFECC1 /* OCMock */,
				5DC632BC1689D5BD000ED53C /* FrostbitTests-Info.plist */,
				5DC632BD1689D5BD000ED53C /* InfoPlist.strings */,
			);
			name = "Supporting Files";
			sourceTree = "<group>";
		};
		5DC632CB1689D674000ED53C /* Geometry */ = {
			isa = PBXGroup;
			children = (
				5DC632D71689D8A8000ED53C /* FRBGeometry.h */,
				5DBD566E169717BA00728BB4 /* FRBGeometryTypes.h */,
				5DC632CD1689D6BC000ED53C /* FRBPointFunctions.h */,
				5DC632CE1689D6BC000ED53C /* FRBPointFunctions.m */,
				5DC632D01689D6CB000ED53C /* FRBRectFunctions.h */,
				5DC632D11689D6CB000ED53C /* FRBRectFunctions.m */,
				5DC6334E168A104C000ED53C /* FRBSizeFunctions.h */,
				5DC6334F168A104C000ED53C /* FRBSizeFunctions.m */,
			);
			path = Geometry;
			sourceTree = "<group>";
		};
		5DC632CC1689D674000ED53C /* Common */ = {
			isa = PBXGroup;
			children = (
				5DC633231689FAEE000ED53C /* FRBCommon.h */,
				5DC632D51689D7AE000ED53C /* Types */,
				5DC632D31689D75A000ED53C /* Meta */,
			);
			path = Common;
			sourceTree = "<group>";
		};
		5DC632D31689D75A000ED53C /* Meta */ = {
			isa = PBXGroup;
			children = (
				5DC632D41689D769000ED53C /* FRBCompilerAttributes.h */,
				5DC6336E168A2B47000ED53C /* FRBAssertMacros.h */,
			);
			path = Meta;
			sourceTree = "<group>";
		};
		5DC632D51689D7AE000ED53C /* Types */ = {
			isa = PBXGroup;
			children = (
				5DC632D61689D7BA000ED53C /* FRBTypesCommon.h */,
			);
			path = Types;
			sourceTree = "<group>";
		};
		5DC633311689FC1C000ED53C /* Dispatch */ = {
			isa = PBXGroup;
			children = (
				5DC633321689FC2F000ED53C /* FRBDispatch.h */,
				5DC633331689FC2F000ED53C /* FRBDispatchFunctions.h */,
				5DC633341689FC2F000ED53C /* FRBDispatchFunctions.m */,
				5DC0B2B6168CD3B90035A910 /* Keyed Target Action */,
			);
			name = Dispatch;
			path = Frostbit/Dispatch;
			sourceTree = SOURCE_ROOT;
		};
		5DC6337C168ACB68000ED53C /* CommonCrypto */ = {
			isa = PBXGroup;
			children = (
				5DC6337D168ACB7E000ED53C /* FRBCommonCrypto.h */,
				5DC63381168ACBBB000ED53C /* Functions */,
				5DC6337E168ACBBB000ED53C /* Categories */,
			);
			name = CommonCrypto;
			path = Frostbit/CommonCrypto;
			sourceTree = SOURCE_ROOT;
		};
		5DC6337E168ACBBB000ED53C /* Categories */ = {
			isa = PBXGroup;
			children = (
				5DC6337F168ACBBB000ED53C /* NSData */,
				5DC63380168ACBBB000ED53C /* NSString */,
			);
			path = Categories;
			sourceTree = "<group>";
		};
		5DC6337F168ACBBB000ED53C /* NSData */ = {
			isa = PBXGroup;
			children = (
				5DC63385168ACC17000ED53C /* NSData+FRBCommonCrypto.h */,
				5DC63386168ACC17000ED53C /* NSData+FRBCommonCrypto.m */,
			);
			path = NSData;
			sourceTree = "<group>";
		};
		5DC63380168ACBBB000ED53C /* NSString */ = {
			isa = PBXGroup;
			children = (
				5DC63388168ACC26000ED53C /* NSString+FRBCommonCrypto.h */,
				5DC63389168ACC26000ED53C /* NSString+FRBCommonCrypto.m */,
			);
			path = NSString;
			sourceTree = "<group>";
		};
		5DC63381168ACBBB000ED53C /* Functions */ = {
			isa = PBXGroup;
			children = (
				5DC63382168ACBD5000ED53C /* FRBCommonCryptoFunctions.h */,
				5DC63383168ACBD5000ED53C /* FRBCommonCryptoFunctions.m */,
			);
			path = Functions;
			sourceTree = "<group>";
		};
		5DCC95E4168D9AF3004F8D4E /* UIKit */ = {
			isa = PBXGroup;
			children = (
				5DCC95EB168D9B43004F8D4E /* FRBUIKit.h */,
				5DCC95E5168D9AF3004F8D4E /* Categories */,
				5DCC95E6168D9AF3004F8D4E /* Classes */,
			);
			path = UIKit;
			sourceTree = "<group>";
		};
		5DCC95E5168D9AF3004F8D4E /* Categories */ = {
			isa = PBXGroup;
			children = (
				5DCC9612168DA77A004F8D4E /* UIViewController */,
			);
			path = Categories;
			sourceTree = "<group>";
		};
		5DCC95E6168D9AF3004F8D4E /* Classes */ = {
			isa = PBXGroup;
			children = (
				7C1CC21917253D2B00B64327 /* FRBAttributedStringBuilder */,
				5DCC9613168DA780004F8D4E /* FRBDatePickerPopover */,
			);
			path = Classes;
			sourceTree = "<group>";
		};
		5DCC9612168DA77A004F8D4E /* UIViewController */ = {
			isa = PBXGroup;
			children = (
				5DCC9617168DA7A9004F8D4E /* UIViewController+FRBNavigationStack.h */,
				5DCC9618168DA7A9004F8D4E /* UIViewController+FRBNavigationStack.m */,
			);
			path = UIViewController;
			sourceTree = "<group>";
		};
		5DCC9613168DA780004F8D4E /* FRBDatePickerPopover */ = {
			isa = PBXGroup;
			children = (
				5DCC9614168DA780004F8D4E /* FRBDatePickerPopover.h */,
				5DCC9615168DA780004F8D4E /* FRBDatePickerPopover.m */,
			);
			path = FRBDatePickerPopover;
			sourceTree = "<group>";
		};
		7C1CC21917253D2B00B64327 /* FRBAttributedStringBuilder */ = {
			isa = PBXGroup;
			children = (
				7C1CC21A17253D3600B64327 /* FRBAttributedStringBuilder.h */,
				7C1CC21B17253D3600B64327 /* FRBAttributedStringBuilder.m */,
			);
			path = FRBAttributedStringBuilder;
			sourceTree = "<group>";
		};
		7C1CC21D17253E0C00B64327 /* FRBAttributedString */ = {
			isa = PBXGroup;
			children = (
				7CA4A47A17253FC500C36E4D /* FRBAttributedStringTest.h */,
				7CA4A47B17253FC500C36E4D /* FRBAttributedStringTest.m */,
				7CA4A47617253FC500C36E4D /* FRBTestAttributedStringErrors.h */,
				7CA4A47717253FC500C36E4D /* FRBTestAttributedStringErrors.m */,
				7CA4A47817253FC500C36E4D /* FRBTestAttributedStringEscapes.h */,
				7CA4A47917253FC500C36E4D /* FRBTestAttributedStringEscapes.m */,
				7CA4A47C17253FC500C36E4D /* FRBTestAttributedStringInlineStylesApplication.h */,
				7CA4A47D17253FC500C36E4D /* FRBTestAttributedStringInlineStylesApplication.m */,
				7CA4A47E17253FC500C36E4D /* FRBTestAttributedStringRegisteredStylesApplication.h */,
				7CA4A47F17253FC500C36E4D /* FRBTestAttributedStringRegisteredStylesApplication.m */,
			);
			name = FRBAttributedString;
			sourceTree = "<group>";
		};
		7C3943EC17265DCB000BC703 /* FRBDiff */ = {
			isa = PBXGroup;
			children = (
				7C3943F517265FB3000BC703 /* private */,
				7C3943F017265E1A000BC703 /* FRBDictionaryTraits.h */,
				7C3943ED17265DDD000BC703 /* FRBDiff.h */,
				7C3943EE17265DDD000BC703 /* FRBDiff.m */,
			);
			path = FRBDiff;
			sourceTree = "<group>";
		};
		7C3943F117265E21000BC703 /* FRBDiff */ = {
			isa = PBXGroup;
			children = (
				7C3943F217265E3B000BC703 /* FRBDiffTestTraitsCompliance.h */,
				7C3943F317265E3B000BC703 /* FRBDiffTestTraitsCompliance.m */,
				7C3943F91726641A000BC703 /* FRBDiffTestTrivial.h */,
				7C3943FA1726641A000BC703 /* FRBDiffTestTrivial.m */,
			);
			name = FRBDiff;
			sourceTree = "<group>";
		};
		7C3943F517265FB3000BC703 /* private */ = {
			isa = PBXGroup;
			children = (
				7C3943F617265FC6000BC703 /* NSDictionary+FRBDictionaryTraitsCompliance.h */,
				7C3943F717265FC6000BC703 /* NSDictionary+FRBDictionaryTraitsCompliance.m */,
			);
			path = private;
			sourceTree = "<group>";
		};
/* End PBXGroup section */

/* Begin PBXNativeTarget section */
		5DC6329F1689D5BD000ED53C /* Frostbit */ = {
			isa = PBXNativeTarget;
			buildConfigurationList = 5DC632C51689D5BD000ED53C /* Build configuration list for PBXNativeTarget "Frostbit" */;
			buildPhases = (
				5DC6329C1689D5BD000ED53C /* Sources */,
				5DC6329D1689D5BD000ED53C /* Frameworks */,
				5DC6329E1689D5BD000ED53C /* CopyFiles */,
			);
			buildRules = (
			);
			dependencies = (
			);
			name = Frostbit;
			productName = Frostbit;
			productReference = 5DC632A01689D5BD000ED53C /* libFrostbit.a */;
			productType = "com.apple.product-type.library.static";
		};
		5DC632B01689D5BD000ED53C /* FrostbitTests */ = {
			isa = PBXNativeTarget;
			buildConfigurationList = 5DC632C81689D5BD000ED53C /* Build configuration list for PBXNativeTarget "FrostbitTests" */;
			buildPhases = (
				5DC632AC1689D5BD000ED53C /* Sources */,
				5DC632AD1689D5BD000ED53C /* Frameworks */,
				5DC632AE1689D5BD000ED53C /* Resources */,
				5DC632AF1689D5BD000ED53C /* ShellScript */,
			);
			buildRules = (
			);
			dependencies = (
				5DC632B81689D5BD000ED53C /* PBXTargetDependency */,
			);
			name = FrostbitTests;
			productName = FrostbitTests;
			productReference = 5DC632B11689D5BD000ED53C /* FrostbitTests.octest */;
			productType = "com.apple.product-type.bundle";
		};
/* End PBXNativeTarget section */

/* Begin PBXProject section */
		5DC632971689D5BD000ED53C /* Project object */ = {
			isa = PBXProject;
			attributes = {
				CLASSPREFIX = FRB;
				LastUpgradeCheck = 0450;
				ORGANIZATIONNAME = "Egor Chiglintsev";
			};
			buildConfigurationList = 5DC6329A1689D5BD000ED53C /* Build configuration list for PBXProject "Frostbit" */;
			compatibilityVersion = "Xcode 3.2";
			developmentRegion = English;
			hasScannedForEncodings = 0;
			knownRegions = (
				en,
			);
			mainGroup = 5DC632951689D5BD000ED53C;
			productRefGroup = 5DC632A11689D5BD000ED53C /* Products */;
			projectDirPath = "";
			projectRoot = "";
			targets = (
				5DC6329F1689D5BD000ED53C /* Frostbit */,
				5DC632B01689D5BD000ED53C /* FrostbitTests */,
				5DC633491689FE94000ED53C /* Appledoc */,
			);
		};
/* End PBXProject section */

/* Begin PBXResourcesBuildPhase section */
		5DC632AE1689D5BD000ED53C /* Resources */ = {
			isa = PBXResourcesBuildPhase;
			buildActionMask = 2147483647;
			files = (
				5DC632BF1689D5BD000ED53C /* InfoPlist.strings in Resources */,
				5D639847171AAF5F00CFECC1 /* License.txt in Resources */,
			);
			runOnlyForDeploymentPostprocessing = 0;
		};
/* End PBXResourcesBuildPhase section */

/* Begin PBXShellScriptBuildPhase section */
		5DC632AF1689D5BD000ED53C /* ShellScript */ = {
			isa = PBXShellScriptBuildPhase;
			buildActionMask = 2147483647;
			files = (
			);
			inputPaths = (
			);
			outputPaths = (
			);
			runOnlyForDeploymentPostprocessing = 0;
			shellPath = /bin/sh;
			shellScript = "# Run the unit tests in this test bundle.\n\"${SYSTEM_DEVELOPER_DIR}/Tools/RunUnitTests\"\n";
		};
		5DC6334D1689FE9E000ED53C /* ShellScript */ = {
			isa = PBXShellScriptBuildPhase;
			buildActionMask = 2147483647;
			files = (
			);
			inputPaths = (
			);
			outputPaths = (
			);
			runOnlyForDeploymentPostprocessing = 0;
			shellPath = /bin/sh;
			shellScript = "appledoc --project-name Frostbit --project-company \"Frostbit\" --company-id com.frostbit --output Appledoc --logformat xcode --keep-intermediate-files --no-create-docset .";
		};
/* End PBXShellScriptBuildPhase section */

/* Begin PBXSourcesBuildPhase section */
		5DC6329C1689D5BD000ED53C /* Sources */ = {
			isa = PBXSourcesBuildPhase;
			buildActionMask = 2147483647;
			files = (
				5DC632CF1689D6BC000ED53C /* FRBPointFunctions.m in Sources */,
				5DC632D21689D6CB000ED53C /* FRBRectFunctions.m in Sources */,
				5DC633351689FC2F000ED53C /* FRBDispatchFunctions.m in Sources */,
				5DC63350168A104C000ED53C /* FRBSizeFunctions.m in Sources */,
				5DC63384168ACBD5000ED53C /* FRBCommonCryptoFunctions.m in Sources */,
				5DC63387168ACC17000ED53C /* NSData+FRBCommonCrypto.m in Sources */,
				5DC6338A168ACC26000ED53C /* NSString+FRBCommonCrypto.m in Sources */,
				5DC0B2BA168CD3DD0035A910 /* FRBKeyedTargetAction.m in Sources */,
				5DCC9616168DA780004F8D4E /* FRBDatePickerPopover.m in Sources */,
				5DCC9619168DA7A9004F8D4E /* UIViewController+FRBNavigationStack.m in Sources */,
				5DC0C87316E21649006ED854 /* FRBManagedObject.m in Sources */,
				5DC5DBD3170A7E4100741241 /* FRBKeyedSet.m in Sources */,
				7C1CC21C17253D3600B64327 /* FRBAttributedStringBuilder.m in Sources */,
				7C3943EF17265DDD000BC703 /* FRBDiff.m in Sources */,
				7C3943F817265FC6000BC703 /* NSDictionary+FRBDictionaryTraitsCompliance.m in Sources */,
			);
			runOnlyForDeploymentPostprocessing = 0;
		};
		5DC632AC1689D5BD000ED53C /* Sources */ = {
			isa = PBXSourcesBuildPhase;
			buildActionMask = 2147483647;
			files = (
				5DC63353168A150C000ED53C /* FRBTestGeometryPointFunctions.m in Sources */,
				5DC0C87616E2167F006ED854 /* FRBTestManagedObjectBasic.m in Sources */,
				5DC0C87B16E25B58006ED854 /* FRBTestManagedObjectCustomGettersSetters.m in Sources */,
				5DC5DBD9170B206500741241 /* FRBTestKeyedSet.m in Sources */,
				5D63983B171AAE7600CFECC1 /* FRBTestManagedObjectKVO.m in Sources */,
				7CA4A48017253FC500C36E4D /* FRBTestAttributedStringErrors.m in Sources */,
				7CA4A48117253FC500C36E4D /* FRBTestAttributedStringEscapes.m in Sources */,
				7CA4A48217253FC500C36E4D /* FRBAttributedStringTest.m in Sources */,
				7CA4A48317253FC500C36E4D /* FRBTestAttributedStringInlineStylesApplication.m in Sources */,
				7CA4A48417253FC500C36E4D /* FRBTestAttributedStringRegisteredStylesApplication.m in Sources */,
				7C3943F417265E3B000BC703 /* FRBDiffTestTraitsCompliance.m in Sources */,
				7C3943FB1726641A000BC703 /* FRBDiffTestTrivial.m in Sources */,
			);
			runOnlyForDeploymentPostprocessing = 0;
		};
/* End PBXSourcesBuildPhase section */

/* Begin PBXTargetDependency section */
		5DC632B81689D5BD000ED53C /* PBXTargetDependency */ = {
			isa = PBXTargetDependency;
			target = 5DC6329F1689D5BD000ED53C /* Frostbit */;
			targetProxy = 5DC632B71689D5BD000ED53C /* PBXContainerItemProxy */;
		};
/* End PBXTargetDependency section */

/* Begin PBXVariantGroup section */
		5DC632BD1689D5BD000ED53C /* InfoPlist.strings */ = {
			isa = PBXVariantGroup;
			children = (
				5DC632BE1689D5BD000ED53C /* en */,
			);
			name = InfoPlist.strings;
			sourceTree = "<group>";
		};
/* End PBXVariantGroup section */

/* Begin XCBuildConfiguration section */
		5DC632C31689D5BD000ED53C /* Debug */ = {
			isa = XCBuildConfiguration;
			buildSettings = {
				ALWAYS_SEARCH_USER_PATHS = NO;
				CLANG_CXX_LANGUAGE_STANDARD = "gnu++0x";
				CLANG_CXX_LIBRARY = "libc++";
				CLANG_ENABLE_OBJC_ARC = YES;
				CLANG_WARN_EMPTY_BODY = YES;
				CLANG_WARN__DUPLICATE_METHOD_MATCH = YES;
				COPY_PHASE_STRIP = NO;
				GCC_C_LANGUAGE_STANDARD = gnu99;
				GCC_DYNAMIC_NO_PIC = NO;
				GCC_OPTIMIZATION_LEVEL = 0;
				GCC_PREPROCESSOR_DEFINITIONS = (
					"DEBUG=1",
					"$(inherited)",
				);
				GCC_SYMBOLS_PRIVATE_EXTERN = NO;
				GCC_WARN_ABOUT_RETURN_TYPE = YES;
				GCC_WARN_UNINITIALIZED_AUTOS = YES;
				GCC_WARN_UNUSED_VARIABLE = YES;
				IPHONEOS_DEPLOYMENT_TARGET = 6.0;
				ONLY_ACTIVE_ARCH = YES;
				SDKROOT = iphoneos;
			};
			name = Debug;
		};
		5DC632C41689D5BD000ED53C /* Release */ = {
			isa = XCBuildConfiguration;
			buildSettings = {
				ALWAYS_SEARCH_USER_PATHS = NO;
				CLANG_CXX_LANGUAGE_STANDARD = "gnu++0x";
				CLANG_CXX_LIBRARY = "libc++";
				CLANG_ENABLE_OBJC_ARC = YES;
				CLANG_WARN_EMPTY_BODY = YES;
				CLANG_WARN__DUPLICATE_METHOD_MATCH = YES;
				COPY_PHASE_STRIP = YES;
				GCC_C_LANGUAGE_STANDARD = gnu99;
				GCC_WARN_ABOUT_RETURN_TYPE = YES;
				GCC_WARN_UNINITIALIZED_AUTOS = YES;
				GCC_WARN_UNUSED_VARIABLE = YES;
				IPHONEOS_DEPLOYMENT_TARGET = 6.0;
				SDKROOT = iphoneos;
				VALIDATE_PRODUCT = YES;
			};
			name = Release;
		};
		5DC632C61689D5BD000ED53C /* Debug */ = {
			isa = XCBuildConfiguration;
			buildSettings = {
				DSTROOT = /tmp/Frostbit.dst;
				GCC_PRECOMPILE_PREFIX_HEADER = YES;
				GCC_PREFIX_HEADER = "Frostbit/Frostbit-Prefix.pch";
				GCC_TREAT_WARNINGS_AS_ERRORS = YES;
				OTHER_LDFLAGS = "-ObjC";
				PRODUCT_NAME = "$(TARGET_NAME)";
				RUN_CLANG_STATIC_ANALYZER = YES;
				SKIP_INSTALL = YES;
			};
			name = Debug;
		};
		5DC632C71689D5BD000ED53C /* Release */ = {
			isa = XCBuildConfiguration;
			buildSettings = {
				DSTROOT = /tmp/Frostbit.dst;
				GCC_PRECOMPILE_PREFIX_HEADER = YES;
				GCC_PREFIX_HEADER = "Frostbit/Frostbit-Prefix.pch";
				GCC_TREAT_WARNINGS_AS_ERRORS = YES;
				OTHER_LDFLAGS = "-ObjC";
				PRODUCT_NAME = "$(TARGET_NAME)";
				RUN_CLANG_STATIC_ANALYZER = YES;
				SKIP_INSTALL = YES;
			};
			name = Release;
		};
		5DC632C91689D5BD000ED53C /* Debug */ = {
			isa = XCBuildConfiguration;
			buildSettings = {
				FRAMEWORK_SEARCH_PATHS = (
					"\"$(SDKROOT)/Developer/Library/Frameworks\"",
					"\"$(DEVELOPER_LIBRARY_DIR)/Frameworks\"",
				);
				GCC_GENERATE_TEST_COVERAGE_FILES = YES;
				GCC_INSTRUMENT_PROGRAM_FLOW_ARCS = YES;
				GCC_PRECOMPILE_PREFIX_HEADER = YES;
				GCC_PREFIX_HEADER = "Frostbit/Frostbit-Prefix.pch";
				GCC_TREAT_WARNINGS_AS_ERRORS = YES;
				HEADER_SEARCH_PATHS = "${SRCROOT}/FrostbitTests/OCMock";
				INFOPLIST_FILE = "FrostbitTests/FrostbitTests-Info.plist";
				LIBRARY_SEARCH_PATHS = (
					"$(inherited)",
					"\"$(SRCROOT)/FrostbitTests/OCMock\"",
				);
				OTHER_LDFLAGS = "-ObjC";
				PRODUCT_NAME = "$(TARGET_NAME)";
				WRAPPER_EXTENSION = octest;
			};
			name = Debug;
		};
		5DC632CA1689D5BD000ED53C /* Release */ = {
			isa = XCBuildConfiguration;
			buildSettings = {
				FRAMEWORK_SEARCH_PATHS = (
					"\"$(SDKROOT)/Developer/Library/Frameworks\"",
					"\"$(DEVELOPER_LIBRARY_DIR)/Frameworks\"",
				);
				GCC_GENERATE_TEST_COVERAGE_FILES = YES;
				GCC_INSTRUMENT_PROGRAM_FLOW_ARCS = YES;
				GCC_PRECOMPILE_PREFIX_HEADER = YES;
				GCC_PREFIX_HEADER = "Frostbit/Frostbit-Prefix.pch";
				GCC_TREAT_WARNINGS_AS_ERRORS = YES;
				HEADER_SEARCH_PATHS = "${SRCROOT}/FrostbitTests/OCMock";
				INFOPLIST_FILE = "FrostbitTests/FrostbitTests-Info.plist";
				LIBRARY_SEARCH_PATHS = (
					"$(inherited)",
					"\"$(SRCROOT)/FrostbitTests/OCMock\"",
				);
				OTHER_LDFLAGS = "-ObjC";
				PRODUCT_NAME = "$(TARGET_NAME)";
				WRAPPER_EXTENSION = octest;
			};
			name = Release;
		};
		5DC6334B1689FE94000ED53C /* Debug */ = {
			isa = XCBuildConfiguration;
			buildSettings = {
				PRODUCT_NAME = "$(TARGET_NAME)";
			};
			name = Debug;
		};
		5DC6334C1689FE94000ED53C /* Release */ = {
			isa = XCBuildConfiguration;
			buildSettings = {
				PRODUCT_NAME = "$(TARGET_NAME)";
			};
			name = Release;
		};
/* End XCBuildConfiguration section */

/* Begin XCConfigurationList section */
		5DC6329A1689D5BD000ED53C /* Build configuration list for PBXProject "Frostbit" */ = {
			isa = XCConfigurationList;
			buildConfigurations = (
				5DC632C31689D5BD000ED53C /* Debug */,
				5DC632C41689D5BD000ED53C /* Release */,
			);
			defaultConfigurationIsVisible = 0;
			defaultConfigurationName = Release;
		};
		5DC632C51689D5BD000ED53C /* Build configuration list for PBXNativeTarget "Frostbit" */ = {
			isa = XCConfigurationList;
			buildConfigurations = (
				5DC632C61689D5BD000ED53C /* Debug */,
				5DC632C71689D5BD000ED53C /* Release */,
			);
			defaultConfigurationIsVisible = 0;
			defaultConfigurationName = Release;
		};
		5DC632C81689D5BD000ED53C /* Build configuration list for PBXNativeTarget "FrostbitTests" */ = {
			isa = XCConfigurationList;
			buildConfigurations = (
				5DC632C91689D5BD000ED53C /* Debug */,
				5DC632CA1689D5BD000ED53C /* Release */,
			);
			defaultConfigurationIsVisible = 0;
			defaultConfigurationName = Release;
		};
		5DC6334A1689FE94000ED53C /* Build configuration list for PBXAggregateTarget "Appledoc" */ = {
			isa = XCConfigurationList;
			buildConfigurations = (
				5DC6334B1689FE94000ED53C /* Debug */,
				5DC6334C1689FE94000ED53C /* Release */,
			);
			defaultConfigurationIsVisible = 0;
			defaultConfigurationName = Release;
		};
/* End XCConfigurationList section */
	};
	rootObject = 5DC632971689D5BD000ED53C /* Project object */;
}
